// !$*UTF8*$!
{
	archiveVersion = 1;
	classes = {
	};
	objectVersion = 77;
	objects = {

/* Begin PBXContainerItemProxy section */
		E65C09342F6C7CBE00751D08 /* PBXContainerItemProxy */ = {
			isa = PBXContainerItemProxy;
			containerPortal = E65C091A2F6C7CB900751D08 /* Project object */;
			proxyType = 1;
			remoteGlobalIDString = E65C09212F6C7CB900751D08;
			remoteInfo = "EXODUS 3 LANDSCAPE";
		};
		E65C093E2F6C7CBE00751D08 /* PBXContainerItemProxy */ = {
			isa = PBXContainerItemProxy;
			containerPortal = E65C091A2F6C7CB900751D08 /* Project object */;
			proxyType = 1;
			remoteGlobalIDString = E65C09212F6C7CB900751D08;
			remoteInfo = "EXODUS 3 LANDSCAPE";
		};
/* End PBXContainerItemProxy section */

/* Begin PBXFileReference section */
		E65C09222F6C7CB900751D08 /* EXODUS 3 LANDSCAPE.app */ = {isa = PBXFileReference; explicitFileType = wrapper.application; includeInIndex = 0; path = "EXODUS 3 LANDSCAPE.app"; sourceTree = BUILT_PRODUCTS_DIR; };
		E65C09332F6C7CBE00751D08 /* EXODUS 3 LANDSCAPETests.xctest */ = {isa = PBXFileReference; explicitFileType = wrapper.cfbundle; includeInIndex = 0; path = "EXODUS 3 LANDSCAPETests.xctest"; sourceTree = BUILT_PRODUCTS_DIR; };
		E65C093D2F6C7CBE00751D08 /* EXODUS 3 LANDSCAPEUITests.xctest */ = {isa = PBXFileReference; explicitFileType = wrapper.cfbundle; includeInIndex = 0; path = "EXODUS 3 LANDSCAPEUITests.xctest"; sourceTree = BUILT_PRODUCTS_DIR; };
/* End PBXFileReference section */

/* Begin PBXFileSystemSynchronizedBuildFileExceptionSet section */
		E65C09452F6C7CBE00751D08 /* Exceptions for "EXODUS 3 LANDSCAPE" folder in "EXODUS 3 LANDSCAPE" target */ = {
			isa = PBXFileSystemSynchronizedBuildFileExceptionSet;
			membershipExceptions = (
				Info.plist,
			);
			target = E65C09212F6C7CB900751D08 /* EXODUS 3 LANDSCAPE */;
		};
/* End PBXFileSystemSynchronizedBuildFileExceptionSet section */

/* Begin PBXFileSystemSynchronizedRootGroup section */
		E65C09242F6C7CB900751D08 /* EXODUS 3 LANDSCAPE */ = {
			isa = PBXFileSystemSynchronizedRootGroup;
			exceptions = (
				E65C09452F6C7CBE00751D08 /* Exceptions for "EXODUS 3 LANDSCAPE" folder in "EXODUS 3 LANDSCAPE" target */,
			);
			path = "EXODUS 3 LANDSCAPE";
			sourceTree = "<group>";
		};
		E65C09362F6C7CBE00751D08 /* EXODUS 3 LANDSCAPETests */ = {
			isa = PBXFileSystemSynchronizedRootGroup;
			path = "EXODUS 3 LANDSCAPETests";
			sourceTree = "<group>";
		};
		E65C09402F6C7CBE00751D08 /* EXODUS 3 LANDSCAPEUITests */ = {
			isa = PBXFileSystemSynchronizedRootGroup;
			path = "EXODUS 3 LANDSCAPEUITests";
			sourceTree = "<group>";
		};
/* End PBXFileSystemSynchronizedRootGroup section */

/* Begin PBXFrameworksBuildPhase section */
		E65C091F2F6C7CB900751D08 /* Frameworks */ = {
			isa = PBXFrameworksBuildPhase;
			buildActionMask = 2147483647;
			files = (
			);
			runOnlyForDeploymentPostprocessing = 0;
		};
		E65C09302F6C7CBE00751D08 /* Frameworks */ = {
			isa = PBXFrameworksBuildPhase;
			buildActionMask = 2147483647;
			files = (
			);
			runOnlyForDeploymentPostprocessing = 0;
		};
		E65C093A2F6C7CBE00751D08 /* Frameworks */ = {
			isa = PBXFrameworksBuildPhase;
			buildActionMask = 2147483647;
			files = (
			);
			runOnlyForDeploymentPostprocessing = 0;
		};
/* End PBXFrameworksBuildPhase section */

/* Begin PBXGroup section */
		E65C09192F6C7CB900751D08 = {
			isa = PBXGroup;
			children = (
				E65C09242F6C7CB900751D08 /* EXODUS 3 LANDSCAPE */,
				E65C09362F6C7CBE00751D08 /* EXODUS 3 LANDSCAPETests */,
				E65C09402F6C7CBE00751D08 /* EXODUS 3 LANDSCAPEUITests */,
				E65C09232F6C7CB900751D08 /* Products */,
			);
			sourceTree = "<group>";
		};
		E65C09232F6C7CB900751D08 /* Products */ = {
			isa = PBXGroup;
			children = (
				E65C09222F6C7CB900751D08 /* EXODUS 3 LANDSCAPE.app */,
				E65C09332F6C7CBE00751D08 /* EXODUS 3 LANDSCAPETests.xctest */,
				E65C093D2F6C7CBE00751D08 /* EXODUS 3 LANDSCAPEUITests.xctest */,
			);
			name = Products;
			sourceTree = "<group>";
		};
/* End PBXGroup section */

/* Begin PBXNativeTarget section */
		E65C09212F6C7CB900751D08 /* EXODUS 3 LANDSCAPE */ = {
			isa = PBXNativeTarget;
			buildConfigurationList = E65C09462F6C7CBE00751D08 /* Build configuration list for PBXNativeTarget "EXODUS 3 LANDSCAPE" */;
			buildPhases = (
				E65C091E2F6C7CB900751D08 /* Sources */,
				E65C091F2F6C7CB900751D08 /* Frameworks */,
				E65C09202F6C7CB900751D08 /* Resources */,
			);
			buildRules = (
			);
			dependencies = (
			);
			fileSystemSynchronizedGroups = (
				E65C09242F6C7CB900751D08 /* EXODUS 3 LANDSCAPE */,
			);
			name = "EXODUS 3 LANDSCAPE";
			packageProductDependencies = (
			);
			productName = "EXODUS 3 LANDSCAPE";
			productReference = E65C09222F6C7CB900751D08 /* EXODUS 3 LANDSCAPE.app */;
			productType = "com.apple.product-type.application";
		};
		E65C09322F6C7CBE00751D08 /* EXODUS 3 LANDSCAPETests */ = {
			isa = PBXNativeTarget;
			buildConfigurationList = E65C094B2F6C7CBE00751D08 /* Build configuration list for PBXNativeTarget "EXODUS 3 LANDSCAPETests" */;
			buildPhases = (
				E65C092F2F6C7CBE00751D08 /* Sources */,
				E65C09302F6C7CBE00751D08 /* Frameworks */,
				E65C09312F6C7CBE00751D08 /* Resources */,
			);
			buildRules = (
			);
			dependencies = (
				E65C09352F6C7CBE00751D08 /* PBXTargetDependency */,
			);
			fileSystemSynchronizedGroups = (
				E65C09362F6C7CBE00751D08 /* EXODUS 3 LANDSCAPETests */,
			);
			name = "EXODUS 3 LANDSCAPETests";
			packageProductDependencies = (
			);
			productName = "EXODUS 3 LANDSCAPETests";
			productReference = E65C09332F6C7CBE00751D08 /* EXODUS 3 LANDSCAPETests.xctest */;
			productType = "com.apple.product-type.bundle.unit-test";
		};
		E65C093C2F6C7CBE00751D08 /* EXODUS 3 LANDSCAPEUITests */ = {
			isa = PBXNativeTarget;
			buildConfigurationList = E65C094E2F6C7CBE00751D08 /* Build configuration list for PBXNativeTarget "EXODUS 3 LANDSCAPEUITests" */;
			buildPhases = (
				E65C09392F6C7CBE00751D08 /* Sources */,
				E65C093A2F6C7CBE00751D08 /* Frameworks */,
				E65C093B2F6C7CBE00751D08 /* Resources */,
			);
			buildRules = (
			);
			dependencies = (
				E65C093F2F6C7CBE00751D08 /* PBXTargetDependency */,
			);
			fileSystemSynchronizedGroups = (
				E65C09402F6C7CBE00751D08 /* EXODUS 3 LANDSCAPEUITests */,
			);
			name = "EXODUS 3 LANDSCAPEUITests";
			packageProductDependencies = (
			);
			productName = "EXODUS 3 LANDSCAPEUITests";
			productReference = E65C093D2F6C7CBE00751D08 /* EXODUS 3 LANDSCAPEUITests.xctest */;
			productType = "com.apple.product-type.bundle.ui-testing";
		};
/* End PBXNativeTarget section */

/* Begin PBXProject section */
		E65C091A2F6C7CB900751D08 /* Project object */ = {
			isa = PBXProject;
			attributes = {
				BuildIndependentTargetsInParallel = 1;
				LastSwiftUpdateCheck = 2630;
				LastUpgradeCheck = 2630;
				TargetAttributes = {
					E65C09212F6C7CB900751D08 = {
						CreatedOnToolsVersion = 26.3;
					};
					E65C09322F6C7CBE00751D08 = {
						CreatedOnToolsVersion = 26.3;
						TestTargetID = E65C09212F6C7CB900751D08;
					};
					E65C093C2F6C7CBE00751D08 = {
						CreatedOnToolsVersion = 26.3;
						TestTargetID = E65C09212F6C7CB900751D08;
					};
				};
			};
			buildConfigurationList = E65C091D2F6C7CB900751D08 /* Build configuration list for PBXProject "EXODUS 3 LANDSCAPE" */;
			developmentRegion = en;
			hasScannedForEncodings = 0;
			knownRegions = (
				en,
				Base,
			);
			mainGroup = E65C09192F6C7CB900751D08;
			minimizedProjectReferenceProxies = 1;
			preferredProjectObjectVersion = 77;
			productRefGroup = E65C09232F6C7CB900751D08 /* Products */;
			projectDirPath = "";
			projectRoot = "";
			targets = (
				E65C09212F6C7CB900751D08 /* EXODUS 3 LANDSCAPE */,
				E65C09322F6C7CBE00751D08 /* EXODUS 3 LANDSCAPETests */,
				E65C093C2F6C7CBE00751D08 /* EXODUS 3 LANDSCAPEUITests */,
			);
		};
/* End PBXProject section */

/* Begin PBXResourcesBuildPhase section */
		E65C09202F6C7CB900751D08 /* Resources */ = {
			isa = PBXResourcesBuildPhase;
			buildActionMask = 2147483647;
			files = (
			);
			runOnlyForDeploymentPostprocessing = 0;
		};
		E65C09312F6C7CBE00751D08 /* Resources */ = {
			isa = PBXResourcesBuildPhase;
			buildActionMask = 2147483647;
			files = (
			);
			runOnlyForDeploymentPostprocessing = 0;
		};
		E65C093B2F6C7CBE00751D08 /* Resources */ = {
			isa = PBXResourcesBuildPhase;
			buildActionMask = 2147483647;
			files = (
			);
			runOnlyForDeploymentPostprocessing = 0;
		};
/* End PBXResourcesBuildPhase section */

/* Begin PBXSourcesBuildPhase section */
		E65C091E2F6C7CB900751D08 /* Sources */ = {
			isa = PBXSourcesBuildPhase;
			buildActionMask = 2147483647;
			files = (
			);
			runOnlyForDeploymentPostprocessing = 0;
		};
		E65C092F2F6C7CBE00751D08 /* Sources */ = {
			isa = PBXSourcesBuildPhase;
			buildActionMask = 2147483647;
			files = (
			);
			runOnlyForDeploymentPostprocessing = 0;
		};
		E65C09392F6C7CBE00751D08 /* Sources */ = {
			isa = PBXSourcesBuildPhase;
			buildActionMask = 2147483647;
			files = (
			);
			runOnlyForDeploymentPostprocessing = 0;
		};
/* End PBXSourcesBuildPhase section */

/* Begin PBXTargetDependency section */
		E65C09352F6C7CBE00751D08 /* PBXTargetDependency */ = {
			isa = PBXTargetDependency;
			target = E65C09212F6C7CB900751D08 /* EXODUS 3 LANDSCAPE */;
			targetProxy = E65C09342F6C7CBE00751D08 /* PBXContainerItemProxy */;
		};
		E65C093F2F6C7CBE00751D08 /* PBXTargetDependency */ = {
			isa = PBXTargetDependency;
			target = E65C09212F6C7CB900751D08 /* EXODUS 3 LANDSCAPE */;
			targetProxy = E65C093E2F6C7CBE00751D08 /* PBXContainerItemProxy */;
		};
/* End PBXTargetDependency section */

/* Begin XCBuildConfiguration section */
		E65C09472F6C7CBE00751D08 /* Debug */ = {
			isa = XCBuildConfiguration;
			buildSettings = {
				ASSETCATALOG_COMPILER_APPICON_NAME = AppIcon;
				ASSETCATALOG_COMPILER_GLOBAL_ACCENT_COLOR_NAME = AccentColor;
				CODE_SIGN_STYLE = Automatic;
				CURRENT_PROJECT_VERSION = 1;
				DEVELOPMENT_TEAM = MXFVMKBUS8;
				ENABLE_APP_SANDBOX = YES;
				ENABLE_HARDENED_RUNTIME = YES;
				ENABLE_PREVIEWS = YES;
				ENABLE_USER_SELECTED_FILES = readonly;
				GENERATE_INFOPLIST_FILE = YES;
				INFOPLIST_FILE = "EXODUS 3 LANDSCAPE/Info.plist";
				"INFOPLIST_KEY_UIApplicationSceneManifest_Generation[sdk=iphoneos*]" = YES;
				"INFOPLIST_KEY_UIApplicationSceneManifest_Generation[sdk=iphonesimulator*]" = YES;
				"INFOPLIST_KEY_UIApplicationSupportsIndirectInputEvents[sdk=iphoneos*]" = YES;
				"INFOPLIST_KEY_UIApplicationSupportsIndirectInputEvents[sdk=iphonesimulator*]" = YES;
				"INFOPLIST_KEY_UILaunchScreen_Generation[sdk=iphoneos*]" = YES;
				"INFOPLIST_KEY_UILaunchScreen_Generation[sdk=iphonesimulator*]" = YES;
				"INFOPLIST_KEY_UIStatusBarStyle[sdk=iphoneos*]" = UIStatusBarStyleDefault;
				"INFOPLIST_KEY_UIStatusBarStyle[sdk=iphonesimulator*]" = UIStatusBarStyleDefault;
				INFOPLIST_KEY_UISupportedInterfaceOrientations_iPad = "UIInterfaceOrientationPortrait UIInterfaceOrientationPortraitUpsideDown UIInterfaceOrientationLandscapeLeft UIInterfaceOrientationLandscapeRight";
				INFOPLIST_KEY_UISupportedInterfaceOrientations_iPhone = "UIInterfaceOrientationPortrait UIInterfaceOrientationLandscapeLeft UIInterfaceOrientationLandscapeRight";
				IPHONEOS_DEPLOYMENT_TARGET = 26.2;
				LD_RUNPATH_SEARCH_PATHS = "@executable_path/Frameworks";
				"LD_RUNPATH_SEARCH_PATHS[sdk=macosx*]" = "@executable_path/../Frameworks";
				MACOSX_DEPLOYMENT_TARGET = 26.2;
				MARKETING_VERSION = 1.0;
				PRODUCT_BUNDLE_IDENTIFIER = "kane-sonicachiever.com.EXODUS-3-LANDSCAPE";
				PRODUCT_NAME = "$(TARGET_NAME)";
				REGISTER_APP_GROUPS = YES;
				SDKROOT = auto;
				STRING_CATALOG_GENERATE_SYMBOLS = YES;
				SUPPORTED_PLATFORMS = "iphoneos iphonesimulator macosx xros xrsimulator";
				SWIFT_APPROACHABLE_CONCURRENCY = YES;
				SWIFT_DEFAULT_ACTOR_ISOLATION = MainActor;
				SWIFT_EMIT_LOC_STRINGS = YES;
				SWIFT_UPCOMING_FEATURE_MEMBER_IMPORT_VISIBILITY = YES;
				SWIFT_VERSION = 5.0;
				TARGETED_DEVICE_FAMILY = "1,2,7";
				XROS_DEPLOYMENT_TARGET = 26.2;
			};
			name = Debug;
		};
		E65C09482F6C7CBE00751D08 /* Release */ = {
			isa = XCBuildConfiguration;
			buildSettings = {
				ASSETCATALOG_COMPILER_APPICON_NAME = AppIcon;
				ASSETCATALOG_COMPILER_GLOBAL_ACCENT_COLOR_NAME = AccentColor;
				CODE_SIGN_STYLE = Automatic;
				CURRENT_PROJECT_VERSION = 1;
				DEVELOPMENT_TEAM = MXFVMKBUS8;
				ENABLE_APP_SANDBOX = YES;
				ENABLE_HARDENED_RUNTIME = YES;
				ENABLE_PREVIEWS = YES;
				ENABLE_USER_SELECTED_FILES = readonly;
				GENERATE_INFOPLIST_FILE = YES;
				INFOPLIST_FILE = "EXODUS 3 LANDSCAPE/Info.plist";
				"INFOPLIST_KEY_UIApplicationSceneManifest_Generation[sdk=iphoneos*]" = YES;
				"INFOPLIST_KEY_UIApplicationSceneManifest_Generation[sdk=iphonesimulator*]" = YES;
				"INFOPLIST_KEY_UIApplicationSupportsIndirectInputEvents[sdk=iphoneos*]" = YES;
				"INFOPLIST_KEY_UIApplicationSupportsIndirectInputEvents[sdk=iphonesimulator*]" = YES;
				"INFOPLIST_KEY_UILaunchScreen_Generation[sdk=iphoneos*]" = YES;
				"INFOPLIST_KEY_UILaunchScreen_Generation[sdk=iphonesimulator*]" = YES;
				"INFOPLIST_KEY_UIStatusBarStyle[sdk=iphoneos*]" = UIStatusBarStyleDefault;
				"INFOPLIST_KEY_UIStatusBarStyle[sdk=iphonesimulator*]" = UIStatusBarStyleDefault;
				INFOPLIST_KEY_UISupportedInterfaceOrientations_iPad = "UIInterfaceOrientationPortrait UIInterfaceOrientationPortraitUpsideDown UIInterfaceOrientationLandscapeLeft UIInterfaceOrientationLandscapeRight";
				INFOPLIST_KEY_UISupportedInterfaceOrientations_iPhone = "UIInterfaceOrientationPortrait UIInterfaceOrientationLandscapeLeft UIInterfaceOrientationLandscapeRight";
				IPHONEOS_DEPLOYMENT_TARGET = 26.2;
				LD_RUNPATH_SEARCH_PATHS = "@executable_path/Frameworks";
				"LD_RUNPATH_SEARCH_PATHS[sdk=macosx*]" = "@executable_path/../Frameworks";
				MACOSX_DEPLOYMENT_TARGET = 26.2;
				MARKETING_VERSION = 1.0;
				PRODUCT_BUNDLE_IDENTIFIER = "kane-sonicachiever.com.EXODUS-3-LANDSCAPE";
				PRODUCT_NAME = "$(TARGET_NAME)";
				REGISTER_APP_GROUPS = YES;
				SDKROOT = auto;
				STRING_CATALOG_GENERATE_SYMBOLS = YES;
				SUPPORTED_PLATFORMS = "iphoneos iphonesimulator macosx xros xrsimulator";
				SWIFT_APPROACHABLE_CONCURRENCY = YES;
				SWIFT_DEFAULT_ACTOR_ISOLATION = MainActor;
				SWIFT_EMIT_LOC_STRINGS = YES;
				SWIFT_UPCOMING_FEATURE_MEMBER_IMPORT_VISIBILITY = YES;
				SWIFT_VERSION = 5.0;
				TARGETED_DEVICE_FAMILY = "1,2,7";
				XROS_DEPLOYMENT_TARGET = 26.2;
			};
			name = Release;
		};
		E65C09492F6C7CBE00751D08 /* Debug */ = {
			isa = XCBuildConfiguration;
			buildSettings = {
				ALWAYS_SEARCH_USER_PATHS = NO;
				ASSETCATALOG_COMPILER_GENERATE_SWIFT_ASSET_SYMBOL_EXTENSIONS = YES;
				CLANG_ANALYZER_NONNULL = YES;
				CLANG_ANALYZER_NUMBER_OBJECT_CONVERSION = YES_AGGRESSIVE;
				CLANG_CXX_LANGUAGE_STANDARD = "gnu++20";
				CLANG_ENABLE_MODULES = YES;
				CLANG_ENABLE_OBJC_ARC = YES;
				CLANG_ENABLE_OBJC_WEAK = YES;
				CLANG_WARN_BLOCK_CAPTURE_AUTORELEASING = YES;
				CLANG_WARN_BOOL_CONVERSION = YES;
				CLANG_WARN_COMMA = YES;
				CLANG_WARN_CONSTANT_CONVERSION = YES;
				CLANG_WARN_DEPRECATED_OBJC_IMPLEMENTATIONS = YES;
				CLANG_WARN_DIRECT_OBJC_ISA_USAGE = YES_ERROR;
				CLANG_WARN_DOCUMENTATION_COMMENTS = YES;
				CLANG_WARN_EMPTY_BODY = YES;
				CLANG_WARN_ENUM_CONVERSION = YES;
				CLANG_WARN_INFINITE_RECURSION = YES;
				CLANG_WARN_INT_CONVERSION = YES;
				CLANG_WARN_NON_LITERAL_NULL_CONVERSION = YES;
				CLANG_WARN_OBJC_IMPLICIT_RETAIN_SELF = YES;
				CLANG_WARN_OBJC_LITERAL_CONVERSION = YES;
				CLANG_WARN_OBJC_ROOT_CLASS = YES_ERROR;
				CLANG_WARN_QUOTED_INCLUDE_IN_FRAMEWORK_HEADER = YES;
				CLANG_WARN_RANGE_LOOP_ANALYSIS = YES;
				CLANG_WARN_STRICT_PROTOTYPES = YES;
				CLANG_WARN_SUSPICIOUS_MOVE = YES;
				CLANG_WARN_UNGUARDED_AVAILABILITY = YES_AGGRESSIVE;
				CLANG_WARN_UNREACHABLE_CODE = YES;
				CLANG_WARN__DUPLICATE_METHOD_MATCH = YES;
				COPY_PHASE_STRIP = NO;
				DEBUG_INFORMATION_FORMAT = dwarf;
				DEVELOPMENT_TEAM = MXFVMKBUS8;
				ENABLE_STRICT_OBJC_MSGSEND = YES;
				ENABLE_TESTABILITY = YES;
				ENABLE_USER_SCRIPT_SANDBOXING = YES;
				GCC_C_LANGUAGE_STANDARD = gnu17;
				GCC_DYNAMIC_NO_PIC = NO;
				GCC_NO_COMMON_BLOCKS = YES;
				GCC_OPTIMIZATION_LEVEL = 0;
				GCC_PREPROCESSOR_DEFINITIONS = (
					"DEBUG=1",
					"$(inherited)",
				);
				GCC_WARN_64_TO_32_BIT_CONVERSION = YES;
				GCC_WARN_ABOUT_RETURN_TYPE = YES_ERROR;
				GCC_WARN_UNDECLARED_SELECTOR = YES;
				GCC_WARN_UNINITIALIZED_AUTOS = YES_AGGRESSIVE;
				GCC_WARN_UNUSED_FUNCTION = YES;
				GCC_WARN_UNUSED_VARIABLE = YES;
				LOCALIZATION_PREFERS_STRING_CATALOGS = YES;
				MTL_ENABLE_DEBUG_INFO = INCLUDE_SOURCE;
				MTL_FAST_MATH = YES;
				ONLY_ACTIVE_ARCH = YES;
				SWIFT_ACTIVE_COMPILATION_CONDITIONS = "DEBUG $(inherited)";
				SWIFT_OPTIMIZATION_LEVEL = "-Onone";
			};
			name = Debug;
		};
		E65C094A2F6C7CBE00751D08 /* Release */ = {
			isa = XCBuildConfiguration;
			buildSettings = {
				ALWAYS_SEARCH_USER_PATHS = NO;
				ASSETCATALOG_COMPILER_GENERATE_SWIFT_ASSET_SYMBOL_EXTENSIONS = YES;
				CLANG_ANALYZER_NONNULL = YES;
				CLANG_ANALYZER_NUMBER_OBJECT_CONVERSION = YES_AGGRESSIVE;
				CLANG_CXX_LANGUAGE_STANDARD = "gnu++20";
				CLANG_ENABLE_MODULES = YES;
				CLANG_ENABLE_OBJC_ARC = YES;
				CLANG_ENABLE_OBJC_WEAK = YES;
				CLANG_WARN_BLOCK_CAPTURE_AUTORELEASING = YES;
				CLANG_WARN_BOOL_CONVERSION = YES;
				CLANG_WARN_COMMA = YES;
				CLANG_WARN_CONSTANT_CONVERSION = YES;
				CLANG_WARN_DEPRECATED_OBJC_IMPLEMENTATIONS = YES;
				CLANG_WARN_DIRECT_OBJC_ISA_USAGE = YES_ERROR;
				CLANG_WARN_DOCUMENTATION_COMMENTS = YES;
				CLANG_WARN_EMPTY_BODY = YES;
				CLANG_WARN_ENUM_CONVERSION = YES;
				CLANG_WARN_INFINITE_RECURSION = YES;
				CLANG_WARN_INT_CONVERSION = YES;
				CLANG_WARN_NON_LITERAL_NULL_CONVERSION = YES;
				CLANG_WARN_OBJC_IMPLICIT_RETAIN_SELF = YES;
				CLANG_WARN_OBJC_LITERAL_CONVERSION = YES;
				CLANG_WARN_OBJC_ROOT_CLASS = YES_ERROR;
				CLANG_WARN_QUOTED_INCLUDE_IN_FRAMEWORK_HEADER = YES;
				CLANG_WARN_RANGE_LOOP_ANALYSIS = YES;
				CLANG_WARN_STRICT_PROTOTYPES = YES;
				CLANG_WARN_SUSPICIOUS_MOVE = YES;
				CLANG_WARN_UNGUARDED_AVAILABILITY = YES_AGGRESSIVE;
				CLANG_WARN_UNREACHABLE_CODE = YES;
				CLANG_WARN__DUPLICATE_METHOD_MATCH = YES;
				COPY_PHASE_STRIP = NO;
				DEBUG_INFORMATION_FORMAT = "dwarf-with-dsym";
				DEVELOPMENT_TEAM = MXFVMKBUS8;
				ENABLE_NS_ASSERTIONS = NO;
				ENABLE_STRICT_OBJC_MSGSEND = YES;
				ENABLE_USER_SCRIPT_SANDBOXING = YES;
				GCC_C_LANGUAGE_STANDARD = gnu17;
				GCC_NO_COMMON_BLOCKS = YES;
				GCC_WARN_64_TO_32_BIT_CONVERSION = YES;
				GCC_WARN_ABOUT_RETURN_TYPE = YES_ERROR;
				GCC_WARN_UNDECLARED_SELECTOR = YES;
				GCC_WARN_UNINITIALIZED_AUTOS = YES_AGGRESSIVE;
				GCC_WARN_UNUSED_FUNCTION = YES;
				GCC_WARN_UNUSED_VARIABLE = YES;
				LOCALIZATION_PREFERS_STRING_CATALOGS = YES;
				MTL_ENABLE_DEBUG_INFO = NO;
				MTL_FAST_MATH = YES;
				SWIFT_COMPILATION_MODE = wholemodule;
			};
			name = Release;
		};
		E65C094C2F6C7CBE00751D08 /* Debug */ = {
			isa = XCBuildConfiguration;
			buildSettings = {
				BUNDLE_LOADER = "$(TEST_HOST)";
				CODE_SIGN_STYLE = Automatic;
				CURRENT_PROJECT_VERSION = 1;
				DEVELOPMENT_TEAM = MXFVMKBUS8;
				GENERATE_INFOPLIST_FILE = YES;
				IPHONEOS_DEPLOYMENT_TARGET = 26.2;
				MACOSX_DEPLOYMENT_TARGET = 26.2;
				MARKETING_VERSION = 1.0;
				PRODUCT_BUNDLE_IDENTIFIER = "kane-sonicachiever.com.EXODUS-3-LANDSCAPETests";
				PRODUCT_NAME = "$(TARGET_NAME)";
				SDKROOT = auto;
				STRING_CATALOG_GENERATE_SYMBOLS = NO;
				SUPPORTED_PLATFORMS = "iphoneos iphonesimulator macosx xros xrsimulator";
				SWIFT_APPROACHABLE_CONCURRENCY = YES;
				SWIFT_EMIT_LOC_STRINGS = NO;
				SWIFT_UPCOMING_FEATURE_MEMBER_IMPORT_VISIBILITY = YES;
				SWIFT_VERSION = 5.0;
				TARGETED_DEVICE_FAMILY = "1,2,7";
				TEST_HOST = "$(BUILT_PRODUCTS_DIR)/EXODUS 3 LANDSCAPE.app/$(BUNDLE_EXECUTABLE_FOLDER_PATH)/EXODUS 3 LANDSCAPE";
				XROS_DEPLOYMENT_TARGET = 26.2;
			};
			name = Debug;
		};
		E65C094D2F6C7CBE00751D08 /* Release */ = {
			isa = XCBuildConfiguration;
			buildSettings = {
				BUNDLE_LOADER = "$(TEST_HOST)";
				CODE_SIGN_STYLE = Automatic;
				CURRENT_PROJECT_VERSION = 1;
				DEVELOPMENT_TEAM = MXFVMKBUS8;
				GENERATE_INFOPLIST_FILE = YES;
				IPHONEOS_DEPLOYMENT_TARGET = 26.2;
				MACOSX_DEPLOYMENT_TARGET = 26.2;
				MARKETING_VERSION = 1.0;
				PRODUCT_BUNDLE_IDENTIFIER = "kane-sonicachiever.com.EXODUS-3-LANDSCAPETests";
				PRODUCT_NAME = "$(TARGET_NAME)";
				SDKROOT = auto;
				STRING_CATALOG_GENERATE_SYMBOLS = NO;
				SUPPORTED_PLATFORMS = "iphoneos iphonesimulator macosx xros xrsimulator";
				SWIFT_APPROACHABLE_CONCURRENCY = YES;
				SWIFT_EMIT_LOC_STRINGS = NO;
				SWIFT_UPCOMING_FEATURE_MEMBER_IMPORT_VISIBILITY = YES;
				SWIFT_VERSION = 5.0;
				TARGETED_DEVICE_FAMILY = "1,2,7";
				TEST_HOST = "$(BUILT_PRODUCTS_DIR)/EXODUS 3 LANDSCAPE.app/$(BUNDLE_EXECUTABLE_FOLDER_PATH)/EXODUS 3 LANDSCAPE";
				XROS_DEPLOYMENT_TARGET = 26.2;
			};
			name = Release;
		};
		E65C094F2F6C7CBE00751D08 /* Debug */ = {
			isa = XCBuildConfiguration;
			buildSettings = {
				CODE_SIGN_STYLE = Automatic;
				CURRENT_PROJECT_VERSION = 1;
				DEVELOPMENT_TEAM = MXFVMKBUS8;
				GENERATE_INFOPLIST_FILE = YES;
				IPHONEOS_DEPLOYMENT_TARGET = 26.2;
				MACOSX_DEPLOYMENT_TARGET = 26.2;
				MARKETING_VERSION = 1.0;
				PRODUCT_BUNDLE_IDENTIFIER = "kane-sonicachiever.com.EXODUS-3-LANDSCAPEUITests";
				PRODUCT_NAME = "$(TARGET_NAME)";
				SDKROOT = auto;
				STRING_CATALOG_GENERATE_SYMBOLS = NO;
				SUPPORTED_PLATFORMS = "iphoneos iphonesimulator macosx xros xrsimulator";
				SWIFT_APPROACHABLE_CONCURRENCY = YES;
				SWIFT_EMIT_LOC_STRINGS = NO;
				SWIFT_UPCOMING_FEATURE_MEMBER_IMPORT_VISIBILITY = YES;
				SWIFT_VERSION = 5.0;
				TARGETED_DEVICE_FAMILY = "1,2,7";
				TEST_TARGET_NAME = "EXODUS 3 LANDSCAPE";
				XROS_DEPLOYMENT_TARGET = 26.2;
			};
			name = Debug;
		};
		E65C09502F6C7CBE00751D08 /* Release */ = {
			isa = XCBuildConfiguration;
			buildSettings = {
				CODE_SIGN_STYLE = Automatic;
				CURRENT_PROJECT_VERSION = 1;
				DEVELOPMENT_TEAM = MXFVMKBUS8;
				GENERATE_INFOPLIST_FILE = YES;
				IPHONEOS_DEPLOYMENT_TARGET = 26.2;
				MACOSX_DEPLOYMENT_TARGET = 26.2;
				MARKETING_VERSION = 1.0;
				PRODUCT_BUNDLE_IDENTIFIER = "kane-sonicachiever.com.EXODUS-3-LANDSCAPEUITests";
				PRODUCT_NAME = "$(TARGET_NAME)";
				SDKROOT = auto;
				STRING_CATALOG_GENERATE_SYMBOLS = NO;
				SUPPORTED_PLATFORMS = "iphoneos iphonesimulator macosx xros xrsimulator";
				SWIFT_APPROACHABLE_CONCURRENCY = YES;
				SWIFT_EMIT_LOC_STRINGS = NO;
				SWIFT_UPCOMING_FEATURE_MEMBER_IMPORT_VISIBILITY = YES;
				SWIFT_VERSION = 5.0;
				TARGETED_DEVICE_FAMILY = "1,2,7";
				TEST_TARGET_NAME = "EXODUS 3 LANDSCAPE";
				XROS_DEPLOYMENT_TARGET = 26.2;
			};
			name = Release;
		};
/* End XCBuildConfiguration section */

/* Begin XCConfigurationList section */
		E65C091D2F6C7CB900751D08 /* Build configuration list for PBXProject "EXODUS 3 LANDSCAPE" */ = {
			isa = XCConfigurationList;
			buildConfigurations = (
				E65C09492F6C7CBE00751D08 /* Debug */,
				E65C094A2F6C7CBE00751D08 /* Release */,
			);
			defaultConfigurationIsVisible = 0;
			defaultConfigurationName = Release;
		};
		E65C09462F6C7CBE00751D08 /* Build configuration list for PBXNativeTarget "EXODUS 3 LANDSCAPE" */ = {
			isa = XCConfigurationList;
			buildConfigurations = (
				E65C09472F6C7CBE00751D08 /* Debug */,
				E65C09482F6C7CBE00751D08 /* Release */,
			);
			defaultConfigurationIsVisible = 0;
			defaultConfigurationName = Release;
		};
		E65C094B2F6C7CBE00751D08 /* Build configuration list for PBXNativeTarget "EXODUS 3 LANDSCAPETests" */ = {
			isa = XCConfigurationList;
			buildConfigurations = (
				E65C094C2F6C7CBE00751D08 /* Debug */,
				E65C094D2F6C7CBE00751D08 /* Release */,
			);
			defaultConfigurationIsVisible = 0;
			defaultConfigurationName = Release;
		};
		E65C094E2F6C7CBE00751D08 /* Build configuration list for PBXNativeTarget "EXODUS 3 LANDSCAPEUITests" */ = {
			isa = XCConfigurationList;
			buildConfigurations = (
				E65C094F2F6C7CBE00751D08 /* Debug */,
				E65C09502F6C7CBE00751D08 /* Release */,
			);
			defaultConfigurationIsVisible = 0;
			defaultConfigurationName = Release;
		};
/* End XCConfigurationList section */
	};
	rootObject = E65C091A2F6C7CB900751D08 /* Project object */;
}
